// !$*UTF8*$!
{
	archiveVersion = 1;
	classes = {
	};
	objectVersion = 46;
	objects = {

/* Begin PBXBuildFile section */
		CCC438F7193BA97400797965 /* Foundation.framework in Frameworks */ = {isa = PBXBuildFile; fileRef = CCC438F6193BA97400797965 /* Foundation.framework */; };
		CCC438F9193BA97400797965 /* CoreGraphics.framework in Frameworks */ = {isa = PBXBuildFile; fileRef = CCC438F8193BA97400797965 /* CoreGraphics.framework */; };
		CCC438FB193BA97400797965 /* UIKit.framework in Frameworks */ = {isa = PBXBuildFile; fileRef = CCC438FA193BA97400797965 /* UIKit.framework */; };
		CCC43901193BA97500797965 /* InfoPlist.strings in Resources */ = {isa = PBXBuildFile; fileRef = CCC438FF193BA97500797965 /* InfoPlist.strings */; };
		CCC43903193BA97500797965 /* main.m in Sources */ = {isa = PBXBuildFile; fileRef = CCC43902193BA97500797965 /* main.m */; };
		CCC43907193BA97500797965 /* AppDelegate.m in Sources */ = {isa = PBXBuildFile; fileRef = CCC43906193BA97500797965 /* AppDelegate.m */; };
		CCC43909193BA97500797965 /* Images.xcassets in Resources */ = {isa = PBXBuildFile; fileRef = CCC43908193BA97500797965 /* Images.xcassets */; };
		CCC43910193BA97500797965 /* XCTest.framework in Frameworks */ = {isa = PBXBuildFile; fileRef = CCC4390F193BA97500797965 /* XCTest.framework */; };
		CCC43911193BA97500797965 /* Foundation.framework in Frameworks */ = {isa = PBXBuildFile; fileRef = CCC438F6193BA97400797965 /* Foundation.framework */; };
		CCC43912193BA97500797965 /* UIKit.framework in Frameworks */ = {isa = PBXBuildFile; fileRef = CCC438FA193BA97400797965 /* UIKit.framework */; };
		CCC4391A193BA97500797965 /* InfoPlist.strings in Resources */ = {isa = PBXBuildFile; fileRef = CCC43918193BA97500797965 /* InfoPlist.strings */; };
		CCC4391C193BA97500797965 /* Zealous_Nation_MMATests.m in Sources */ = {isa = PBXBuildFile; fileRef = CCC4391B193BA97500797965 /* Zealous_Nation_MMATests.m */; };
/* End PBXBuildFile section */

/* Begin PBXContainerItemProxy section */
		CCC43913193BA97500797965 /* PBXContainerItemProxy */ = {
			isa = PBXContainerItemProxy;
			containerPortal = CCC438EB193BA97400797965 /* Project object */;
			proxyType = 1;
			remoteGlobalIDString = CCC438F2193BA97400797965;
			remoteInfo = "Zealous Nation MMA";
		};
/* End PBXContainerItemProxy section */

/* Begin PBXFileReference section */
		CCC438F3193BA97400797965 /* Zealous Nation MMA.app */ = {isa = PBXFileReference; explicitFileType = wrapper.application; includeInIndex = 0; path = "Zealous Nation MMA.app"; sourceTree = BUILT_PRODUCTS_DIR; };
		CCC438F6193BA97400797965 /* Foundation.framework */ = {isa = PBXFileReference; lastKnownFileType = wrapper.framework; name = Foundation.framework; path = System/Library/Frameworks/Foundation.framework; sourceTree = SDKROOT; };
		CCC438F8193BA97400797965 /* CoreGraphics.framework */ = {isa = PBXFileReference; lastKnownFileType = wrapper.framework; name = CoreGraphics.framework; path = System/Library/Frameworks/CoreGraphics.framework; sourceTree = SDKROOT; };
		CCC438FA193BA97400797965 /* UIKit.framework */ = {isa = PBXFileReference; lastKnownFileType = wrapper.framework; name = UIKit.framework; path = System/Library/Frameworks/UIKit.framework; sourceTree = SDKROOT; };
		CCC438FE193BA97500797965 /* Zealous Nation MMA-Info.plist */ = {isa = PBXFileReference; lastKnownFileType = text.plist.xml; path = "Zealous Nation MMA-Info.plist"; sourceTree = "<group>"; };
		CCC43900193BA97500797965 /* en */ = {isa = PBXFileReference; lastKnownFileType = text.plist.strings; name = en; path = en.lproj/InfoPlist.strings; sourceTree = "<group>"; };
		CCC43902193BA97500797965 /* main.m */ = {isa = PBXFileReference; lastKnownFileType = sourcecode.c.objc; path = main.m; sourceTree = "<group>"; };
		CCC43904193BA97500797965 /* Zealous Nation MMA-Prefix.pch */ = {isa = PBXFileReference; lastKnownFileType = sourcecode.c.h; path = "Zealous Nation MMA-Prefix.pch"; sourceTree = "<group>"; };
		CCC43905193BA97500797965 /* AppDelegate.h */ = {isa = PBXFileReference; lastKnownFileType = sourcecode.c.h; path = AppDelegate.h; sourceTree = "<group>"; };
		CCC43906193BA97500797965 /* AppDelegate.m */ = {isa = PBXFileReference; lastKnownFileType = sourcecode.c.objc; path = AppDelegate.m; sourceTree = "<group>"; };
		CCC43908193BA97500797965 /* Images.xcassets */ = {isa = PBXFileReference; lastKnownFileType = folder.assetcatalog; path = Images.xcassets; sourceTree = "<group>"; };
		CCC4390E193BA97500797965 /* Zealous Nation MMATests.xctest */ = {isa = PBXFileReference; explicitFileType = wrapper.cfbundle; includeInIndex = 0; path = "Zealous Nation MMATests.xctest"; sourceTree = BUILT_PRODUCTS_DIR; };
		CCC4390F193BA97500797965 /* XCTest.framework */ = {isa = PBXFileReference; lastKnownFileType = wrapper.framework; name = XCTest.framework; path = Library/Frameworks/XCTest.framework; sourceTree = DEVELOPER_DIR; };
		CCC43917193BA97500797965 /* Zealous Nation MMATests-Info.plist */ = {isa = PBXFileReference; lastKnownFileType = text.plist.xml; path = "Zealous Nation MMATests-Info.plist"; sourceTree = "<group>"; };
		CCC43919193BA97500797965 /* en */ = {isa = PBXFileReference; lastKnownFileType = text.plist.strings; name = en; path = en.lproj/InfoPlist.strings; sourceTree = "<group>"; };
		CCC4391B193BA97500797965 /* Zealous_Nation_MMATests.m */ = {isa = PBXFileReference; lastKnownFileType = sourcecode.c.objc; path = Zealous_Nation_MMATests.m; sourceTree = "<group>"; };
/* End PBXFileReference section */

/* Begin PBXFrameworksBuildPhase section */
		CCC438F0193BA97400797965 /* Frameworks */ = {
			isa = PBXFrameworksBuildPhase;
			buildActionMask = 2147483647;
			files = (
				CCC438F9193BA97400797965 /* CoreGraphics.framework in Frameworks */,
				CCC438FB193BA97400797965 /* UIKit.framework in Frameworks */,
				CCC438F7193BA97400797965 /* Foundation.framework in Frameworks */,
			);
			runOnlyForDeploymentPostprocessing = 0;
		};
		CCC4390B193BA97500797965 /* Frameworks */ = {
			isa = PBXFrameworksBuildPhase;
			buildActionMask = 2147483647;
			files = (
				CCC43910193BA97500797965 /* XCTest.framework in Frameworks */,
				CCC43912193BA97500797965 /* UIKit.framework in Frameworks */,
				CCC43911193BA97500797965 /* Foundation.framework in Frameworks */,
			);
			runOnlyForDeploymentPostprocessing = 0;
		};
/* End PBXFrameworksBuildPhase section */

/* Begin PBXGroup section */
		CCC438EA193BA97400797965 = {
			isa = PBXGroup;
			children = (
				CCC438FC193BA97500797965 /* Zealous Nation MMA */,
				CCC43915193BA97500797965 /* Zealous Nation MMATests */,
				CCC438F5193BA97400797965 /* Frameworks */,
				CCC438F4193BA97400797965 /* Products */,
			);
			sourceTree = "<group>";
		};
		CCC438F4193BA97400797965 /* Products */ = {
			isa = PBXGroup;
			children = (
				CCC438F3193BA97400797965 /* Zealous Nation MMA.app */,
				CCC4390E193BA97500797965 /* Zealous Nation MMATests.xctest */,
			);
			name = Products;
			sourceTree = "<group>";
		};
		CCC438F5193BA97400797965 /* Frameworks */ = {
			isa = PBXGroup;
			children = (
				CCC438F6193BA97400797965 /* Foundation.framework */,
				CCC438F8193BA97400797965 /* CoreGraphics.framework */,
				CCC438FA193BA97400797965 /* UIKit.framework */,
				CCC4390F193BA97500797965 /* XCTest.framework */,
			);
			name = Frameworks;
			sourceTree = "<group>";
		};
		CCC438FC193BA97500797965 /* Zealous Nation MMA */ = {
			isa = PBXGroup;
			children = (
				CCC43905193BA97500797965 /* AppDelegate.h */,
				CCC43906193BA97500797965 /* AppDelegate.m */,
				CCC43908193BA97500797965 /* Images.xcassets */,
				CCC438FD193BA97500797965 /* Supporting Files */,
			);
			path = "Zealous Nation MMA";
			sourceTree = "<group>";
		};
		CCC438FD193BA97500797965 /* Supporting Files */ = {
			isa = PBXGroup;
			children = (
				CCC438FE193BA97500797965 /* Zealous Nation MMA-Info.plist */,
				CCC438FF193BA97500797965 /* InfoPlist.strings */,
				CCC43902193BA97500797965 /* main.m */,
				CCC43904193BA97500797965 /* Zealous Nation MMA-Prefix.pch */,
			);
			name = "Supporting Files";
			sourceTree = "<group>";
		};
		CCC43915193BA97500797965 /* Zealous Nation MMATests */ = {
			isa = PBXGroup;
			children = (
				CCC4391B193BA97500797965 /* Zealous_Nation_MMATests.m */,
				CCC43916193BA97500797965 /* Supporting Files */,
			);
			path = "Zealous Nation MMATests";
			sourceTree = "<group>";
		};
		CCC43916193BA97500797965 /* Supporting Files */ = {
			isa = PBXGroup;
			children = (
				CCC43917193BA97500797965 /* Zealous Nation MMATests-Info.plist */,
				CCC43918193BA97500797965 /* InfoPlist.strings */,
			);
			name = "Supporting Files";
			sourceTree = "<group>";
		};
/* End PBXGroup section */

/* Begin PBXNativeTarget section */
		CCC438F2193BA97400797965 /* Zealous Nation MMA */ = {
			isa = PBXNativeTarget;
			buildConfigurationList = CCC4391F193BA97500797965 /* Build configuration list for PBXNativeTarget "Zealous Nation MMA" */;
			buildPhases = (
				CCC438EF193BA97400797965 /* Sources */,
				CCC438F0193BA97400797965 /* Frameworks */,
				CCC438F1193BA97400797965 /* Resources */,
			);
			buildRules = (
			);
			dependencies = (
			);
			name = "Zealous Nation MMA";
			productName = "Zealous Nation MMA";
			productReference = CCC438F3193BA97400797965 /* Zealous Nation MMA.app */;
			productType = "com.apple.product-type.application";
		};
		CCC4390D193BA97500797965 /* Zealous Nation MMATests */ = {
			isa = PBXNativeTarget;
			buildConfigurationList = CCC43922193BA97500797965 /* Build configuration list for PBXNativeTarget "Zealous Nation MMATests" */;
			buildPhases = (
				CCC4390A193BA97500797965 /* Sources */,
				CCC4390B193BA97500797965 /* Frameworks */,
				CCC4390C193BA97500797965 /* Resources */,
			);
			buildRules = (
			);
			dependencies = (
				CCC43914193BA97500797965 /* PBXTargetDependency */,
			);
			name = "Zealous Nation MMATests";
			productName = "Zealous Nation MMATests";
			productReference = CCC4390E193BA97500797965 /* Zealous Nation MMATests.xctest */;
			productType = "com.apple.product-type.bundle.unit-test";
		};
/* End PBXNativeTarget section */

/* Begin PBXProject section */
		CCC438EB193BA97400797965 /* Project object */ = {
			isa = PBXProject;
			attributes = {
				LastUpgradeCheck = 0510;
				ORGANIZATIONNAME = AlexCevallos;
				TargetAttributes = {
					CCC4390D193BA97500797965 = {
						TestTargetID = CCC438F2193BA97400797965;
					};
				};
			};
			buildConfigurationList = CCC438EE193BA97400797965 /* Build configuration list for PBXProject "Zealous Nation MMA" */;
			compatibilityVersion = "Xcode 3.2";
			developmentRegion = English;
			hasScannedForEncodings = 0;
			knownRegions = (
				en,
			);
			mainGroup = CCC438EA193BA97400797965;
			productRefGroup = CCC438F4193BA97400797965 /* Products */;
			projectDirPath = "";
			projectRoot = "";
			targets = (
				CCC438F2193BA97400797965 /* Zealous Nation MMA */,
				CCC4390D193BA97500797965 /* Zealous Nation MMATests */,
			);
		};
/* End PBXProject section */

/* Begin PBXResourcesBuildPhase section */
		CCC438F1193BA97400797965 /* Resources */ = {
			isa = PBXResourcesBuildPhase;
			buildActionMask = 2147483647;
			files = (
				CCC43901193BA97500797965 /* InfoPlist.strings in Resources */,
				CCC43909193BA97500797965 /* Images.xcassets in Resources */,
			);
			runOnlyForDeploymentPostprocessing = 0;
		};
		CCC4390C193BA97500797965 /* Resources */ = {
			isa = PBXResourcesBuildPhase;
			buildActionMask = 2147483647;
			files = (
				CCC4391A193BA97500797965 /* InfoPlist.strings in Resources */,
			);
			runOnlyForDeploymentPostprocessing = 0;
		};
/* End PBXResourcesBuildPhase section */

/* Begin PBXSourcesBuildPhase section */
		CCC438EF193BA97400797965 /* Sources */ = {
			isa = PBXSourcesBuildPhase;
			buildActionMask = 2147483647;
			files = (
				CCC43907193BA97500797965 /* AppDelegate.m in Sources */,
				CCC43903193BA97500797965 /* main.m in Sources */,
			);
			runOnlyForDeploymentPostprocessing = 0;
		};
		CCC4390A193BA97500797965 /* Sources */ = {
			isa = PBXSourcesBuildPhase;
			buildActionMask = 2147483647;
			files = (
				CCC4391C193BA97500797965 /* Zealous_Nation_MMATests.m in Sources */,
			);
			runOnlyForDeploymentPostprocessing = 0;
		};
/* End PBXSourcesBuildPhase section */

/* Begin PBXTargetDependency section */
		CCC43914193BA97500797965 /* PBXTargetDependency */ = {
			isa = PBXTargetDependency;
			target = CCC438F2193BA97400797965 /* Zealous Nation MMA */;
			targetProxy = CCC43913193BA97500797965 /* PBXContainerItemProxy */;
		};
/* End PBXTargetDependency section */

/* Begin PBXVariantGroup section */
		CCC438FF193BA97500797965 /* InfoPlist.strings */ = {
			isa = PBXVariantGroup;
			children = (
				CCC43900193BA97500797965 /* en */,
			);
			name = InfoPlist.strings;
			sourceTree = "<group>";
		};
		CCC43918193BA97500797965 /* InfoPlist.strings */ = {
			isa = PBXVariantGroup;
			children = (
				CCC43919193BA97500797965 /* en */,
			);
			name = InfoPlist.strings;
			sourceTree = "<group>";
		};
/* End PBXVariantGroup section */

/* Begin XCBuildConfiguration section */
		CCC4391D193BA97500797965 /* Debug */ = {
			isa = XCBuildConfiguration;
			buildSettings = {
				ALWAYS_SEARCH_USER_PATHS = NO;
				CLANG_CXX_LANGUAGE_STANDARD = "gnu++0x";
				CLANG_CXX_LIBRARY = "libc++";
				CLANG_ENABLE_MODULES = YES;
				CLANG_ENABLE_OBJC_ARC = YES;
				CLANG_WARN_BOOL_CONVERSION = YES;
				CLANG_WARN_CONSTANT_CONVERSION = YES;
				CLANG_WARN_DIRECT_OBJC_ISA_USAGE = YES_ERROR;
				CLANG_WARN_EMPTY_BODY = YES;
				CLANG_WARN_ENUM_CONVERSION = YES;
				CLANG_WARN_INT_CONVERSION = YES;
				CLANG_WARN_OBJC_ROOT_CLASS = YES_ERROR;
				CLANG_WARN__DUPLICATE_METHOD_MATCH = YES;
				"CODE_SIGN_IDENTITY[sdk=iphoneos*]" = "iPhone Developer";
				COPY_PHASE_STRIP = NO;
				GCC_C_LANGUAGE_STANDARD = gnu99;
				GCC_DYNAMIC_NO_PIC = NO;
				GCC_OPTIMIZATION_LEVEL = 0;
				GCC_PREPROCESSOR_DEFINITIONS = (
					"DEBUG=1",
					"$(inherited)",
				);
				GCC_SYMBOLS_PRIVATE_EXTERN = NO;
				GCC_WARN_64_TO_32_BIT_CONVERSION = YES;
				GCC_WARN_ABOUT_RETURN_TYPE = YES_ERROR;
				GCC_WARN_UNDECLARED_SELECTOR = YES;
				GCC_WARN_UNINITIALIZED_AUTOS = YES_AGGRESSIVE;
				GCC_WARN_UNUSED_FUNCTION = YES;
				GCC_WARN_UNUSED_VARIABLE = YES;
				IPHONEOS_DEPLOYMENT_TARGET = 7.1;
				ONLY_ACTIVE_ARCH = YES;
				SDKROOT = iphoneos;
			};
			name = Debug;
		};
		CCC4391E193BA97500797965 /* Release */ = {
			isa = XCBuildConfiguration;
			buildSettings = {
				ALWAYS_SEARCH_USER_PATHS = NO;
				CLANG_CXX_LANGUAGE_STANDARD = "gnu++0x";
				CLANG_CXX_LIBRARY = "libc++";
				CLANG_ENABLE_MODULES = YES;
				CLANG_ENABLE_OBJC_ARC = YES;
				CLANG_WARN_BOOL_CONVERSION = YES;
				CLANG_WARN_CONSTANT_CONVERSION = YES;
				CLANG_WARN_DIRECT_OBJC_ISA_USAGE = YES_ERROR;
				CLANG_WARN_EMPTY_BODY = YES;
				CLANG_WARN_ENUM_CONVERSION = YES;
				CLANG_WARN_INT_CONVERSION = YES;
				CLANG_WARN_OBJC_ROOT_CLASS = YES_ERROR;
				CLANG_WARN__DUPLICATE_METHOD_MATCH = YES;
				"CODE_SIGN_IDENTITY[sdk=iphoneos*]" = "iPhone Developer";
				COPY_PHASE_STRIP = YES;
				ENABLE_NS_ASSERTIONS = NO;
				GCC_C_LANGUAGE_STANDARD = gnu99;
				GCC_WARN_64_TO_32_BIT_CONVERSION = YES;
				GCC_WARN_ABOUT_RETURN_TYPE = YES_ERROR;
				GCC_WARN_UNDECLARED_SELECTOR = YES;
				GCC_WARN_UNINITIALIZED_AUTOS = YES_AGGRESSIVE;
				GCC_WARN_UNUSED_FUNCTION = YES;
				GCC_WARN_UNUSED_VARIABLE = YES;
				IPHONEOS_DEPLOYMENT_TARGET = 7.1;
				SDKROOT = iphoneos;
				VALIDATE_PRODUCT = YES;
			};
			name = Release;
		};
		CCC43920193BA97500797965 /* Debug */ = {
			isa = XCBuildConfiguration;
			buildSettings = {
				ASSETCATALOG_COMPILER_APPICON_NAME = AppIcon;
				ASSETCATALOG_COMPILER_LAUNCHIMAGE_NAME = LaunchImage;
				GCC_PRECOMPILE_PREFIX_HEADER = YES;
				GCC_PREFIX_HEADER = "Zealous Nation MMA/Zealous Nation MMA-Prefix.pch";
				INFOPLIST_FILE = "Zealous Nation MMA/Zealous Nation MMA-Info.plist";
				PRODUCT_NAME = "$(TARGET_NAME)";
				WRAPPER_EXTENSION = app;
			};
			name = Debug;
		};
		CCC43921193BA97500797965 /* Release */ = {
			isa = XCBuildConfiguration;
			buildSettings = {
				ASSETCATALOG_COMPILER_APPICON_NAME = AppIcon;
				ASSETCATALOG_COMPILER_LAUNCHIMAGE_NAME = LaunchImage;
				GCC_PRECOMPILE_PREFIX_HEADER = YES;
				GCC_PREFIX_HEADER = "Zealous Nation MMA/Zealous Nation MMA-Prefix.pch";
				INFOPLIST_FILE = "Zealous Nation MMA/Zealous Nation MMA-Info.plist";
				PRODUCT_NAME = "$(TARGET_NAME)";
				WRAPPER_EXTENSION = app;
			};
			name = Release;
		};
		CCC43923193BA97500797965 /* Debug */ = {
			isa = XCBuildConfiguration;
			buildSettings = {
				BUNDLE_LOADER = "$(BUILT_PRODUCTS_DIR)/Zealous Nation MMA.app/Zealous Nation MMA";
				FRAMEWORK_SEARCH_PATHS = (
					"$(SDKROOT)/Developer/Library/Frameworks",
					"$(inherited)",
					"$(DEVELOPER_FRAMEWORKS_DIR)",
				);
				GCC_PRECOMPILE_PREFIX_HEADER = YES;
				GCC_PREFIX_HEADER = "Zealous Nation MMA/Zealous Nation MMA-Prefix.pch";
				GCC_PREPROCESSOR_DEFINITIONS = (
					"DEBUG=1",
					"$(inherited)",
				);
				INFOPLIST_FILE = "Zealous Nation MMATests/Zealous Nation MMATests-Info.plist";
				PRODUCT_NAME = "$(TARGET_NAME)";
				TEST_HOST = "$(BUNDLE_LOADER)";
				WRAPPER_EXTENSION = xctest;
			};
			name = Debug;
		};
		CCC43924193BA97500797965 /* Release */ = {
			isa = XCBuildConfiguration;
			buildSettings = {
				BUNDLE_LOADER = "$(BUILT_PRODUCTS_DIR)/Zealous Nation MMA.app/Zealous Nation MMA";
				FRAMEWORK_SEARCH_PATHS = (
					"$(SDKROOT)/Developer/Library/Frameworks",
					"$(inherited)",
					"$(DEVELOPER_FRAMEWORKS_DIR)",
				);
				GCC_PRECOMPILE_PREFIX_HEADER = YES;
				GCC_PREFIX_HEADER = "Zealous Nation MMA/Zealous Nation MMA-Prefix.pch";
				INFOPLIST_FILE = "Zealous Nation MMATests/Zealous Nation MMATests-Info.plist";
				PRODUCT_NAME = "$(TARGET_NAME)";
				TEST_HOST = "$(BUNDLE_LOADER)";
				WRAPPER_EXTENSION = xctest;
			};
			name = Release;
		};
/* End XCBuildConfiguration section */

/* Begin XCConfigurationList section */
		CCC438EE193BA97400797965 /* Build configuration list for PBXProject "Zealous Nation MMA" */ = {
			isa = XCConfigurationList;
			buildConfigurations = (
				CCC4391D193BA97500797965 /* Debug */,
				CCC4391E193BA97500797965 /* Release */,
			);
			defaultConfigurationIsVisible = 0;
			defaultConfigurationName = Release;
		};
		CCC4391F193BA97500797965 /* Build configuration list for PBXNativeTarget "Zealous Nation MMA" */ = {
			isa = XCConfigurationList;
			buildConfigurations = (
				CCC43920193BA97500797965 /* Debug */,
				CCC43921193BA97500797965 /* Release */,
			);
			defaultConfigurationIsVisible = 0;
		};
		CCC43922193BA97500797965 /* Build configuration list for PBXNativeTarget "Zealous Nation MMATests" */ = {
			isa = XCConfigurationList;
			buildConfigurations = (
				CCC43923193BA97500797965 /* Debug */,
				CCC43924193BA97500797965 /* Release */,
			);
			defaultConfigurationIsVisible = 0;
		};
/* End XCConfigurationList section */
	};
	rootObject = CCC438EB193BA97400797965 /* Project object */;
}
